
Microsoft Visual Studio Solution File, Format Version 12.00
# Visual Studio Version 17
VisualStudioVersion = 17.7.34031.279
MinimumVisualStudioVersion = 10.0.40219.1
Project("{9A19103F-16F7-4668-BE54-9A1E7A4F7556}") = "Password_Manager", "Password_Manager\Password_Manager.csproj", "{301D8E5B-11CF-443D-990E-A3C0FADAEB7C}"
EndProject
Global
	GlobalSection(SolutionConfigurationPlatforms) = preSolution
		Debug|Any CPU = Debug|Any CPU
		Release|Any CPU = Release|Any CPU
	EndGlobalSection
	GlobalSection(ProjectConfigurationPlatforms) = postSolution
		{301D8E5B-11CF-443D-990E-A3C0FADAEB7C}.Debug|Any CPU.ActiveCfg = Debug|Any CPU
		{301D8E5B-11CF-443D-990E-A3C0FADAEB7C}.Debug|Any CPU.Build.0 = Debug|Any CPU
		{301D8E5B-11CF-443D-990E-A3C0FADAEB7C}.Release|Any CPU.ActiveCfg = Release|Any CPU
		{301D8E5B-11CF-443D-990E-A3C0FADAEB7C}.Release|Any CPU.Build.0 = Release|Any CPU
	EndGlobalSection
	GlobalSection(SolutionProperties) = preSolution
		HideSolutionNode = FALSE
	EndGlobalSection
	GlobalSection(ExtensibilityGlobals) = postSolution
		SolutionGuid = {9026D736-2791-43B8-BE2D-FAE83BE6E45C}
	EndGlobalSection
EndGlobal
